# Code generated by scarb DO NOT EDIT.
version = 1

[[package]]
name = "marketplace"
version = "0.1.0"
dependencies = [
 "openzeppelin",
 "snforge_std_deprecated",
]

[[package]]
name = "openzeppelin"
version = "2.0.0"
source = "git+https://github.com/OpenZeppelin/cairo-contracts.git?tag=v2.0.0#f1c15a30a44311166e0368081c5f79ab5a02c1d3"
dependencies = [
 "openzeppelin_access",
 "openzeppelin_account",
 "openzeppelin_finance",
 "openzeppelin_governance",
 "openzeppelin_introspection",
 "openzeppelin_merkle_tree",
 "openzeppelin_presets",
 "openzeppelin_security",
 "openzeppelin_token",
 "openzeppelin_upgrades",
 "openzeppelin_utils",
]

[[package]]
name = "openzeppelin_access"
version = "2.0.0"
source = "git+https://github.com/OpenZeppelin/cairo-contracts.git?tag=v2.0.0#f1c15a30a44311166e0368081c5f79ab5a02c1d3"
dependencies = [
 "openzeppelin_introspection",
]

[[package]]
name = "openzeppelin_account"
version = "2.0.0"
source = "git+https://github.com/OpenZeppelin/cairo-contracts.git?tag=v2.0.0#f1c15a30a44311166e0368081c5f79ab5a02c1d3"
dependencies = [
 "openzeppelin_introspection",
 "openzeppelin_utils",
]

[[package]]
name = "openzeppelin_finance"
version = "2.0.0"
source = "git+https://github.com/OpenZeppelin/cairo-contracts.git?tag=v2.0.0#f1c15a30a44311166e0368081c5f79ab5a02c1d3"
dependencies = [
 "openzeppelin_access",
 "openzeppelin_token",
]

[[package]]
name = "openzeppelin_governance"
version = "2.0.0"
source = "git+https://github.com/OpenZeppelin/cairo-contracts.git?tag=v2.0.0#f1c15a30a44311166e0368081c5f79ab5a02c1d3"
dependencies = [
 "openzeppelin_access",
 "openzeppelin_account",
 "openzeppelin_introspection",
 "openzeppelin_token",
 "openzeppelin_utils",
]

[[package]]
name = "openzeppelin_introspection"
version = "2.0.0"
source = "git+https://github.com/OpenZeppelin/cairo-contracts.git?tag=v2.0.0#f1c15a30a44311166e0368081c5f79ab5a02c1d3"

[[package]]
name = "openzeppelin_merkle_tree"
version = "2.0.0"
source = "git+https://github.com/OpenZeppelin/cairo-contracts.git?tag=v2.0.0#f1c15a30a44311166e0368081c5f79ab5a02c1d3"

[[package]]
name = "openzeppelin_presets"
version = "2.0.0"
source = "git+https://github.com/OpenZeppelin/cairo-contracts.git?tag=v2.0.0#f1c15a30a44311166e0368081c5f79ab5a02c1d3"
dependencies = [
 "openzeppelin_access",
 "openzeppelin_account",
 "openzeppelin_finance",
 "openzeppelin_introspection",
 "openzeppelin_token",
 "openzeppelin_upgrades",
 "openzeppelin_utils",
]

[[package]]
name = "openzeppelin_security"
version = "2.0.0"
source = "git+https://github.com/OpenZeppelin/cairo-contracts.git?tag=v2.0.0#f1c15a30a44311166e0368081c5f79ab5a02c1d3"

[[package]]
name = "openzeppelin_token"
version = "2.0.0"
source = "git+https://github.com/OpenZeppelin/cairo-contracts.git?tag=v2.0.0#f1c15a30a44311166e0368081c5f79ab5a02c1d3"
dependencies = [
 "openzeppelin_access",
 "openzeppelin_account",
 "openzeppelin_introspection",
 "openzeppelin_utils",
]

[[package]]
name = "openzeppelin_upgrades"
version = "2.0.0"
source = "git+https://github.com/OpenZeppelin/cairo-contracts.git?tag=v2.0.0#f1c15a30a44311166e0368081c5f79ab5a02c1d3"

[[package]]
name = "openzeppelin_utils"
version = "2.0.0"
source = "git+https://github.com/OpenZeppelin/cairo-contracts.git?tag=v2.0.0#f1c15a30a44311166e0368081c5f79ab5a02c1d3"

[[package]]
name = "snforge_scarb_plugin_deprecated"
version = "0.48.1"
source = "registry+https://scarbs.xyz/"
checksum = "sha256:8b822345a82a4479cfbf8e605a4cd25c0a622585fd5640c4add524c5da5a8b55"

[[package]]
name = "snforge_std_deprecated"
version = "0.48.1"
source = "registry+https://scarbs.xyz/"
checksum = "sha256:da9e4a8bbf8ba5f85e91e4b37a967b10eca0cb377a505eb7a8f37d0df721a874"
dependencies = [
 "snforge_scarb_plugin_deprecated",
]
